
Microsoft Visual Studio Solution File, Format Version 12.00
# Visual Studio Version 16
VisualStudioVersion = 16.0.31727.386
MinimumVisualStudioVersion = 10.0.40219.1
Project("{2150E333-8FDC-42A3-9474-1A3956D46DE8}") = "1.UserInterface", "1.UserInterface", "{1912D1C1-7A5C-41BE-8803-813D9C52EA9F}"
EndProject
Project("{2150E333-8FDC-42A3-9474-1A3956D46DE8}") = "2.Application", "2.Application", "{1B42F6B4-8697-4058-8FCE-B90210E99997}"
EndProject
Project("{2150E333-8FDC-42A3-9474-1A3956D46DE8}") = "3.Domain", "3.Domain", "{5AA66272-0196-4E5D-BF7D-EE482BC46D2A}"
EndProject
Project("{2150E333-8FDC-42A3-9474-1A3956D46DE8}") = "4.InfraEstructure", "4.InfraEstructure", "{9D718C0B-8C5D-402C-9C76-AB985C6CFAB7}"
EndProject
Project("{9A19103F-16F7-4668-BE54-9A1E7A4F7556}") = "UI.Web", "UI.Web\UI.Web.csproj", "{FB0B6334-3CAE-4556-8062-905D08964AA0}"
EndProject
Project("{9A19103F-16F7-4668-BE54-9A1E7A4F7556}") = "Aplication.Dto", "Aplication.Dto\Aplication.Dto.csproj", "{EF1AF7D1-0BC2-4BF6-A283-CCB39A56B98F}"
EndProject
Project("{9A19103F-16F7-4668-BE54-9A1E7A4F7556}") = "Domain.Services", "Domain.Services\Domain.Services.csproj", "{A814F763-D936-402D-98CF-0F285FA6C000}"
EndProject
Project("{9A19103F-16F7-4668-BE54-9A1E7A4F7556}") = "Domain.Model", "Domain.Model\Domain.Model.csproj", "{08280542-4F30-44F5-88EB-0CE6EB966341}"
EndProject
Project("{9A19103F-16F7-4668-BE54-9A1E7A4F7556}") = "Infra.DataAccess", "Infra.DataAccess\Infra.DataAccess.csproj", "{4FFED1F3-45E9-4EEF-8AAD-3107D5E2D117}"
EndProject
Project("{9A19103F-16F7-4668-BE54-9A1E7A4F7556}") = "Infra.ExternalServices", "Infra.ExternalServices\Infra.ExternalServices.csproj", "{E48D3CDC-D360-4538-B1F1-ACAFD43B2145}"
EndProject
Project("{FAE04EC0-301F-11D3-BF4B-00C04F79EFBC}") = "UI.Desktop", "UI.Desktop\UI.Desktop.csproj", "{7F7F1908-3A5C-4AB6-B237-F117C3F03AD8}"
EndProject
Project("{FAE04EC0-301F-11D3-BF4B-00C04F79EFBC}") = "Aplication", "Aplication\Aplication.csproj", "{C84DAFE4-CDE2-497F-BEA5-C5868DB83DC8}"
EndProject
Global
	GlobalSection(SolutionConfigurationPlatforms) = preSolution
		Debug|Any CPU = Debug|Any CPU
		Release|Any CPU = Release|Any CPU
	EndGlobalSection
	GlobalSection(ProjectConfigurationPlatforms) = postSolution
		{FB0B6334-3CAE-4556-8062-905D08964AA0}.Debug|Any CPU.ActiveCfg = Debug|Any CPU
		{FB0B6334-3CAE-4556-8062-905D08964AA0}.Debug|Any CPU.Build.0 = Debug|Any CPU
		{FB0B6334-3CAE-4556-8062-905D08964AA0}.Release|Any CPU.ActiveCfg = Release|Any CPU
		{FB0B6334-3CAE-4556-8062-905D08964AA0}.Release|Any CPU.Build.0 = Release|Any CPU
		{EF1AF7D1-0BC2-4BF6-A283-CCB39A56B98F}.Debug|Any CPU.ActiveCfg = Debug|Any CPU
		{EF1AF7D1-0BC2-4BF6-A283-CCB39A56B98F}.Debug|Any CPU.Build.0 = Debug|Any CPU
		{EF1AF7D1-0BC2-4BF6-A283-CCB39A56B98F}.Release|Any CPU.ActiveCfg = Release|Any CPU
		{EF1AF7D1-0BC2-4BF6-A283-CCB39A56B98F}.Release|Any CPU.Build.0 = Release|Any CPU
		{A814F763-D936-402D-98CF-0F285FA6C000}.Debug|Any CPU.ActiveCfg = Debug|Any CPU
		{A814F763-D936-402D-98CF-0F285FA6C000}.Debug|Any CPU.Build.0 = Debug|Any CPU
		{A814F763-D936-402D-98CF-0F285FA6C000}.Release|Any CPU.ActiveCfg = Release|Any CPU
		{A814F763-D936-402D-98CF-0F285FA6C000}.Release|Any CPU.Build.0 = Release|Any CPU
		{08280542-4F30-44F5-88EB-0CE6EB966341}.Debug|Any CPU.ActiveCfg = Debug|Any CPU
		{08280542-4F30-44F5-88EB-0CE6EB966341}.Debug|Any CPU.Build.0 = Debug|Any CPU
		{08280542-4F30-44F5-88EB-0CE6EB966341}.Release|Any CPU.ActiveCfg = Release|Any CPU
		{08280542-4F30-44F5-88EB-0CE6EB966341}.Release|Any CPU.Build.0 = Release|Any CPU
		{4FFED1F3-45E9-4EEF-8AAD-3107D5E2D117}.Debug|Any CPU.ActiveCfg = Debug|Any CPU
		{4FFED1F3-45E9-4EEF-8AAD-3107D5E2D117}.Debug|Any CPU.Build.0 = Debug|Any CPU
		{4FFED1F3-45E9-4EEF-8AAD-3107D5E2D117}.Release|Any CPU.ActiveCfg = Release|Any CPU
		{4FFED1F3-45E9-4EEF-8AAD-3107D5E2D117}.Release|Any CPU.Build.0 = Release|Any CPU
		{E48D3CDC-D360-4538-B1F1-ACAFD43B2145}.Debug|Any CPU.ActiveCfg = Debug|Any CPU
		{E48D3CDC-D360-4538-B1F1-ACAFD43B2145}.Debug|Any CPU.Build.0 = Debug|Any CPU
		{E48D3CDC-D360-4538-B1F1-ACAFD43B2145}.Release|Any CPU.ActiveCfg = Release|Any CPU
		{E48D3CDC-D360-4538-B1F1-ACAFD43B2145}.Release|Any CPU.Build.0 = Release|Any CPU
		{7F7F1908-3A5C-4AB6-B237-F117C3F03AD8}.Debug|Any CPU.ActiveCfg = Debug|Any CPU
		{7F7F1908-3A5C-4AB6-B237-F117C3F03AD8}.Debug|Any CPU.Build.0 = Debug|Any CPU
		{7F7F1908-3A5C-4AB6-B237-F117C3F03AD8}.Release|Any CPU.ActiveCfg = Release|Any CPU
		{7F7F1908-3A5C-4AB6-B237-F117C3F03AD8}.Release|Any CPU.Build.0 = Release|Any CPU
		{C84DAFE4-CDE2-497F-BEA5-C5868DB83DC8}.Debug|Any CPU.ActiveCfg = Debug|Any CPU
		{C84DAFE4-CDE2-497F-BEA5-C5868DB83DC8}.Debug|Any CPU.Build.0 = Debug|Any CPU
		{C84DAFE4-CDE2-497F-BEA5-C5868DB83DC8}.Release|Any CPU.ActiveCfg = Release|Any CPU
		{C84DAFE4-CDE2-497F-BEA5-C5868DB83DC8}.Release|Any CPU.Build.0 = Release|Any CPU
	EndGlobalSection
	GlobalSection(SolutionProperties) = preSolution
		HideSolutionNode = FALSE
	EndGlobalSection
	GlobalSection(NestedProjects) = preSolution
		{FB0B6334-3CAE-4556-8062-905D08964AA0} = {1912D1C1-7A5C-41BE-8803-813D9C52EA9F}
		{EF1AF7D1-0BC2-4BF6-A283-CCB39A56B98F} = {1B42F6B4-8697-4058-8FCE-B90210E99997}
		{A814F763-D936-402D-98CF-0F285FA6C000} = {5AA66272-0196-4E5D-BF7D-EE482BC46D2A}
		{08280542-4F30-44F5-88EB-0CE6EB966341} = {5AA66272-0196-4E5D-BF7D-EE482BC46D2A}
		{4FFED1F3-45E9-4EEF-8AAD-3107D5E2D117} = {9D718C0B-8C5D-402C-9C76-AB985C6CFAB7}
		{E48D3CDC-D360-4538-B1F1-ACAFD43B2145} = {9D718C0B-8C5D-402C-9C76-AB985C6CFAB7}
		{7F7F1908-3A5C-4AB6-B237-F117C3F03AD8} = {1912D1C1-7A5C-41BE-8803-813D9C52EA9F}
		{C84DAFE4-CDE2-497F-BEA5-C5868DB83DC8} = {1B42F6B4-8697-4058-8FCE-B90210E99997}
	EndGlobalSection
	GlobalSection(ExtensibilityGlobals) = postSolution
		SolutionGuid = {AFAE4C34-74C5-40F5-9DE9-1929456026A1}
	EndGlobalSection
EndGlobal
